
Microsoft Visual Studio Solution File, Format Version 12.00
# Visual Studio Version 17
VisualStudioVersion = 17.4.33110.190
MinimumVisualStudioVersion = 10.0.40219.1
Project("{FAE04EC0-301F-11D3-BF4B-00C04F79EFBC}") = "TakeHomeWeek5", "TakeHomeWeek5\TakeHomeWeek5.csproj", "{013FD09C-BAC5-41C3-9AF9-EA8D37567774}"
EndProject
Global
	GlobalSection(SolutionConfigurationPlatforms) = preSolution
		Debug|Any CPU = Debug|Any CPU
		Release|Any CPU = Release|Any CPU
	EndGlobalSection
	GlobalSection(ProjectConfigurationPlatforms) = postSolution
		{013FD09C-BAC5-41C3-9AF9-EA8D37567774}.Debug|Any CPU.ActiveCfg = Debug|Any CPU
		{013FD09C-BAC5-41C3-9AF9-EA8D37567774}.Debug|Any CPU.Build.0 = Debug|Any CPU
		{013FD09C-BAC5-41C3-9AF9-EA8D37567774}.Release|Any CPU.ActiveCfg = Release|Any CPU
		{013FD09C-BAC5-41C3-9AF9-EA8D37567774}.Release|Any CPU.Build.0 = Release|Any CPU
	EndGlobalSection
	GlobalSection(SolutionProperties) = preSolution
		HideSolutionNode = FALSE
	EndGlobalSection
	GlobalSection(ExtensibilityGlobals) = postSolution
		SolutionGuid = {7547F44E-9942-4B95-8A16-95E16BF16D92}
	EndGlobalSection
EndGlobal
